Microsoft Visual Studio Solution File, Format Version 11.00
# Visual Studio 2008

Project("{661C1CA9-2789-EB36-8F2E-B19EA2C33464}") = "Roll a ball_EK", "Assembly-CSharp.csproj", "{FBE6AEFA-AC76-2998-06CD-B90E6A773927}"
EndProject
Global
	GlobalSection(SolutionConfigurationPlatforms) = preSolution
		Debug|Any CPU = Debug|Any CPU
		Release|Any CPU = Release|Any CPU
	EndGlobalSection
	GlobalSection(ProjectConfigurationPlatforms) = postSolution
		{FBE6AEFA-AC76-2998-06CD-B90E6A773927}.Debug|Any CPU.ActiveCfg = Debug|Any CPU
		{FBE6AEFA-AC76-2998-06CD-B90E6A773927}.Debug|Any CPU.Build.0 = Debug|Any CPU
		{FBE6AEFA-AC76-2998-06CD-B90E6A773927}.Release|Any CPU.ActiveCfg = Release|Any CPU
		{FBE6AEFA-AC76-2998-06CD-B90E6A773927}.Release|Any CPU.Build.0 = Release|Any CPU
	EndGlobalSection
	GlobalSection(SolutionProperties) = preSolution
		HideSolutionNode = FALSE
	EndGlobalSection
	GlobalSection(MonoDevelopProperties) = preSolution
		StartupItem = Assembly-CSharp.csproj
	EndGlobalSection
EndGlobal
