
Microsoft Visual Studio Solution File, Format Version 12.00
# Visual Studio 2015
Project("{FAE04EC0-301F-11D3-BF4B-00C04F79EFBC}") = "SurvivalShooting_JH.CSharp", "SurvivalShooting_JH.CSharp.csproj", "{0B91E37B-7B85-C547-5A3D-7D65E45AD988}"
EndProject
Project("{FAE04EC0-301F-11D3-BF4B-00C04F79EFBC}") = "SurvivalShooting_JH.CSharp.Editor", "SurvivalShooting_JH.CSharp.Editor.csproj", "{24449BA5-F6F1-7C82-DC8A-27B7731B8309}"
EndProject
Global
	GlobalSection(SolutionConfigurationPlatforms) = preSolution
		Debug|Any CPU = Debug|Any CPU
		Release|Any CPU = Release|Any CPU
	EndGlobalSection
	GlobalSection(ProjectConfigurationPlatforms) = postSolution
		{0B91E37B-7B85-C547-5A3D-7D65E45AD988}.Debug|Any CPU.ActiveCfg = Debug|Any CPU
		{0B91E37B-7B85-C547-5A3D-7D65E45AD988}.Debug|Any CPU.Build.0 = Debug|Any CPU
		{0B91E37B-7B85-C547-5A3D-7D65E45AD988}.Release|Any CPU.ActiveCfg = Release|Any CPU
		{0B91E37B-7B85-C547-5A3D-7D65E45AD988}.Release|Any CPU.Build.0 = Release|Any CPU
		{24449BA5-F6F1-7C82-DC8A-27B7731B8309}.Debug|Any CPU.ActiveCfg = Debug|Any CPU
		{24449BA5-F6F1-7C82-DC8A-27B7731B8309}.Debug|Any CPU.Build.0 = Debug|Any CPU
		{24449BA5-F6F1-7C82-DC8A-27B7731B8309}.Release|Any CPU.ActiveCfg = Release|Any CPU
		{24449BA5-F6F1-7C82-DC8A-27B7731B8309}.Release|Any CPU.Build.0 = Release|Any CPU
	EndGlobalSection
	GlobalSection(SolutionProperties) = preSolution
		HideSolutionNode = FALSE
	EndGlobalSection
EndGlobal
